
Microsoft Visual Studio Solution File, Format Version 12.00
# Visual Studio 2012
Project("{FAE04EC0-301F-11D3-BF4B-00C04F79EFBC}") = "WcfDataServicesDemo", "WcfDataServicesDemo\WcfDataServicesDemo.csproj", "{0F2945AB-793C-4024-AF5B-CC1C848FE65E}"
EndProject
Project("{FAE04EC0-301F-11D3-BF4B-00C04F79EFBC}") = "WcfDataServicesDemo.CLient", "WcfDataServicesDemo.CLient\WcfDataServicesDemo.CLient.csproj", "{FA3A2026-A5FD-4EBC-8F14-501CA9862AF1}"
EndProject
Global
	GlobalSection(SolutionConfigurationPlatforms) = preSolution
		Debug|Any CPU = Debug|Any CPU
		Release|Any CPU = Release|Any CPU
	EndGlobalSection
	GlobalSection(ProjectConfigurationPlatforms) = postSolution
		{0F2945AB-793C-4024-AF5B-CC1C848FE65E}.Debug|Any CPU.ActiveCfg = Debug|Any CPU
		{0F2945AB-793C-4024-AF5B-CC1C848FE65E}.Debug|Any CPU.Build.0 = Debug|Any CPU
		{0F2945AB-793C-4024-AF5B-CC1C848FE65E}.Release|Any CPU.ActiveCfg = Release|Any CPU
		{0F2945AB-793C-4024-AF5B-CC1C848FE65E}.Release|Any CPU.Build.0 = Release|Any CPU
		{FA3A2026-A5FD-4EBC-8F14-501CA9862AF1}.Debug|Any CPU.ActiveCfg = Debug|Any CPU
		{FA3A2026-A5FD-4EBC-8F14-501CA9862AF1}.Debug|Any CPU.Build.0 = Debug|Any CPU
		{FA3A2026-A5FD-4EBC-8F14-501CA9862AF1}.Release|Any CPU.ActiveCfg = Release|Any CPU
		{FA3A2026-A5FD-4EBC-8F14-501CA9862AF1}.Release|Any CPU.Build.0 = Release|Any CPU
	EndGlobalSection
	GlobalSection(SolutionProperties) = preSolution
		HideSolutionNode = FALSE
	EndGlobalSection
EndGlobal
