
Microsoft Visual Studio Solution File, Format Version 12.00
# Visual Studio 2012
Project("{FAE04EC0-301F-11D3-BF4B-00C04F79EFBC}") = "ConcurrencyDemo", "ConcurrencyDemo\ConcurrencyDemo.csproj", "{9BD1CC9D-7073-4DE9-8B57-2F822277F7D6}"
EndProject
Global
	GlobalSection(SolutionConfigurationPlatforms) = preSolution
		Debug|Any CPU = Debug|Any CPU
		Release|Any CPU = Release|Any CPU
	EndGlobalSection
	GlobalSection(ProjectConfigurationPlatforms) = postSolution
		{9BD1CC9D-7073-4DE9-8B57-2F822277F7D6}.Debug|Any CPU.ActiveCfg = Debug|Any CPU
		{9BD1CC9D-7073-4DE9-8B57-2F822277F7D6}.Debug|Any CPU.Build.0 = Debug|Any CPU
		{9BD1CC9D-7073-4DE9-8B57-2F822277F7D6}.Release|Any CPU.ActiveCfg = Release|Any CPU
		{9BD1CC9D-7073-4DE9-8B57-2F822277F7D6}.Release|Any CPU.Build.0 = Release|Any CPU
	EndGlobalSection
	GlobalSection(SolutionProperties) = preSolution
		HideSolutionNode = FALSE
	EndGlobalSection
EndGlobal
