
Microsoft Visual Studio Solution File, Format Version 12.00
# Visual Studio 2012
Project("{FAE04EC0-301F-11D3-BF4B-00C04F79EFBC}") = "WcfDemo", "WcfDemo\WcfDemo.csproj", "{520FEB04-6D4D-439A-93B6-D279B94BC882}"
EndProject
Project("{FAE04EC0-301F-11D3-BF4B-00C04F79EFBC}") = "WcfDemo.Client", "WcfDemo.Client\WcfDemo.Client.csproj", "{6E379294-52D6-40D4-843E-1500F4D46826}"
	ProjectSection(ProjectDependencies) = postProject
		{520FEB04-6D4D-439A-93B6-D279B94BC882} = {520FEB04-6D4D-439A-93B6-D279B94BC882}
	EndProjectSection
EndProject
Project("{FAE04EC0-301F-11D3-BF4B-00C04F79EFBC}") = "WcfDemo.Test", "WcfDemo.Test\WcfDemo.Test.csproj", "{5BC8166E-3FCA-49FC-B2B2-8A0C6B58AFDA}"
EndProject
Global
	GlobalSection(SolutionConfigurationPlatforms) = preSolution
		Debug|Any CPU = Debug|Any CPU
		Release|Any CPU = Release|Any CPU
	EndGlobalSection
	GlobalSection(ProjectConfigurationPlatforms) = postSolution
		{520FEB04-6D4D-439A-93B6-D279B94BC882}.Debug|Any CPU.ActiveCfg = Debug|Any CPU
		{520FEB04-6D4D-439A-93B6-D279B94BC882}.Debug|Any CPU.Build.0 = Debug|Any CPU
		{520FEB04-6D4D-439A-93B6-D279B94BC882}.Release|Any CPU.ActiveCfg = Release|Any CPU
		{520FEB04-6D4D-439A-93B6-D279B94BC882}.Release|Any CPU.Build.0 = Release|Any CPU
		{6E379294-52D6-40D4-843E-1500F4D46826}.Debug|Any CPU.ActiveCfg = Debug|Any CPU
		{6E379294-52D6-40D4-843E-1500F4D46826}.Debug|Any CPU.Build.0 = Debug|Any CPU
		{6E379294-52D6-40D4-843E-1500F4D46826}.Release|Any CPU.ActiveCfg = Release|Any CPU
		{6E379294-52D6-40D4-843E-1500F4D46826}.Release|Any CPU.Build.0 = Release|Any CPU
		{5BC8166E-3FCA-49FC-B2B2-8A0C6B58AFDA}.Debug|Any CPU.ActiveCfg = Debug|Any CPU
		{5BC8166E-3FCA-49FC-B2B2-8A0C6B58AFDA}.Debug|Any CPU.Build.0 = Debug|Any CPU
		{5BC8166E-3FCA-49FC-B2B2-8A0C6B58AFDA}.Release|Any CPU.ActiveCfg = Release|Any CPU
		{5BC8166E-3FCA-49FC-B2B2-8A0C6B58AFDA}.Release|Any CPU.Build.0 = Release|Any CPU
	EndGlobalSection
	GlobalSection(SolutionProperties) = preSolution
		HideSolutionNode = FALSE
	EndGlobalSection
EndGlobal
